DOTS_TMUX_SENSIBLE_HASH="2ce7679f9dcf42dffa60abd59a3405b87cb8213b"
DOTS_MONOKAI_PRO_HASH="c1176717ecce54900d35d1ee9dddb2a5f4474323"
DOTS_ZSH_HISTORY_SUBSTRING_SEARCH_HASH="87ce96b1862928d84b1afe7c173316614b30e301"
DOTS_ZSH_AUTOSUGGESTIONS_HASH="85919cd1ffa7d2d5412f6d3fe437ebdbeeec4fc5"
DOTS_FAST_SYNTAX_HIGHLIGHTING_HASH="3d574ccf48804b10dca52625df13da5edae7f553"
DOTS_ABBR_HASH=13b34cdc29d8b22323fa2079193ea1529723747c
DOTS_FZF_TAB_HASH=fc6f0dcb2d5e41a4a685bfe9af2f2393dc39f689
